
Microsoft Visual Studio Solution File, Format Version 12.00
# Visual Studio 15
VisualStudioVersion = 15.0.26403.3
MinimumVisualStudioVersion = 10.0.40219.1
Project("{FAE04EC0-301F-11D3-BF4B-00C04F79EFBC}") = "DesignPattern.Duck.StrategyPattern", "DesignPattern.Duck.StrategyPattern\DesignPattern.Duck.StrategyPattern.csproj", "{C61A484B-F848-4553-832C-1D6FCA1BAAE8}"
EndProject
Project("{FAE04EC0-301F-11D3-BF4B-00C04F79EFBC}") = "DesignPattern.Weather.ObserverPattern", "DesignPattern.Weather.ObserverPattern\DesignPattern.Weather.ObserverPattern.csproj", "{3504E599-A7EC-4732-BA26-58681BA4B57A}"
EndProject
Project("{FAE04EC0-301F-11D3-BF4B-00C04F79EFBC}") = "DesignPattern.Beverage.DecoratePattern", "DesignPattern.Beverage.DecoratePattern\DesignPattern.Beverage.DecoratePattern.csproj", "{362C217C-AA56-484E-AEAA-15AC2619EDB4}"
EndProject
Project("{FAE04EC0-301F-11D3-BF4B-00C04F79EFBC}") = "DesignPattern.Pizza.FactoryMethodPattern", "DesignPattern.Pizza.FactoryPattern\DesignPattern.Pizza.FactoryMethodPattern.csproj", "{7C572F67-270E-4EEB-A9C0-1F6F3AC97089}"
EndProject
Project("{FAE04EC0-301F-11D3-BF4B-00C04F79EFBC}") = "DesignPattern.Pizza.AbstractFactoryPattern", "DesignPattern.Pizza.AbstractFactoryPattern\DesignPattern.Pizza.AbstractFactoryPattern.csproj", "{346C1CC5-4A4A-417C-A831-BE38E1EBF4F6}"
EndProject
Project("{FAE04EC0-301F-11D3-BF4B-00C04F79EFBC}") = "DesignPattern.Chocolate.SingletonPattern", "DesignPattern.Chocolate.SingletonPattern\DesignPattern.Chocolate.SingletonPattern.csproj", "{90A0DAA5-1A1B-4048-AD73-FA8C94E82FBE}"
EndProject
Global
	GlobalSection(SolutionConfigurationPlatforms) = preSolution
		Debug|Any CPU = Debug|Any CPU
		Release|Any CPU = Release|Any CPU
	EndGlobalSection
	GlobalSection(ProjectConfigurationPlatforms) = postSolution
		{C61A484B-F848-4553-832C-1D6FCA1BAAE8}.Debug|Any CPU.ActiveCfg = Debug|Any CPU
		{C61A484B-F848-4553-832C-1D6FCA1BAAE8}.Debug|Any CPU.Build.0 = Debug|Any CPU
		{C61A484B-F848-4553-832C-1D6FCA1BAAE8}.Release|Any CPU.ActiveCfg = Release|Any CPU
		{C61A484B-F848-4553-832C-1D6FCA1BAAE8}.Release|Any CPU.Build.0 = Release|Any CPU
		{3504E599-A7EC-4732-BA26-58681BA4B57A}.Debug|Any CPU.ActiveCfg = Debug|Any CPU
		{3504E599-A7EC-4732-BA26-58681BA4B57A}.Debug|Any CPU.Build.0 = Debug|Any CPU
		{3504E599-A7EC-4732-BA26-58681BA4B57A}.Release|Any CPU.ActiveCfg = Release|Any CPU
		{3504E599-A7EC-4732-BA26-58681BA4B57A}.Release|Any CPU.Build.0 = Release|Any CPU
		{362C217C-AA56-484E-AEAA-15AC2619EDB4}.Debug|Any CPU.ActiveCfg = Debug|Any CPU
		{362C217C-AA56-484E-AEAA-15AC2619EDB4}.Debug|Any CPU.Build.0 = Debug|Any CPU
		{362C217C-AA56-484E-AEAA-15AC2619EDB4}.Release|Any CPU.ActiveCfg = Release|Any CPU
		{362C217C-AA56-484E-AEAA-15AC2619EDB4}.Release|Any CPU.Build.0 = Release|Any CPU
		{7C572F67-270E-4EEB-A9C0-1F6F3AC97089}.Debug|Any CPU.ActiveCfg = Debug|Any CPU
		{7C572F67-270E-4EEB-A9C0-1F6F3AC97089}.Debug|Any CPU.Build.0 = Debug|Any CPU
		{7C572F67-270E-4EEB-A9C0-1F6F3AC97089}.Release|Any CPU.ActiveCfg = Release|Any CPU
		{7C572F67-270E-4EEB-A9C0-1F6F3AC97089}.Release|Any CPU.Build.0 = Release|Any CPU
		{346C1CC5-4A4A-417C-A831-BE38E1EBF4F6}.Debug|Any CPU.ActiveCfg = Debug|Any CPU
		{346C1CC5-4A4A-417C-A831-BE38E1EBF4F6}.Debug|Any CPU.Build.0 = Debug|Any CPU
		{346C1CC5-4A4A-417C-A831-BE38E1EBF4F6}.Release|Any CPU.ActiveCfg = Release|Any CPU
		{346C1CC5-4A4A-417C-A831-BE38E1EBF4F6}.Release|Any CPU.Build.0 = Release|Any CPU
		{90A0DAA5-1A1B-4048-AD73-FA8C94E82FBE}.Debug|Any CPU.ActiveCfg = Debug|Any CPU
		{90A0DAA5-1A1B-4048-AD73-FA8C94E82FBE}.Debug|Any CPU.Build.0 = Debug|Any CPU
		{90A0DAA5-1A1B-4048-AD73-FA8C94E82FBE}.Release|Any CPU.ActiveCfg = Release|Any CPU
		{90A0DAA5-1A1B-4048-AD73-FA8C94E82FBE}.Release|Any CPU.Build.0 = Release|Any CPU
	EndGlobalSection
	GlobalSection(SolutionProperties) = preSolution
		HideSolutionNode = FALSE
	EndGlobalSection
EndGlobal
